// !$*UTF8*$!
{
	archiveVersion = 1;
	classes = {
	};
	objectVersion = 56;
	objects = {

/* Begin PBXBuildFile section */
		E1AB5EC22BB49F9500B69EEC /* PhoneNumberApp.swift in Sources */ = {isa = PBXBuildFile; fileRef = E1AB5EC12BB49F9500B69EEC /* PhoneNumberApp.swift */; };
		E1AB5EC42BB49F9500B69EEC /* ContentView.swift in Sources */ = {isa = PBXBuildFile; fileRef = E1AB5EC32BB49F9500B69EEC /* ContentView.swift */; };
		E1AB5EC62BB49F9600B69EEC /* Assets.xcassets in Resources */ = {isa = PBXBuildFile; fileRef = E1AB5EC52BB49F9600B69EEC /* Assets.xcassets */; };
		E1AB5EC92BB49F9600B69EEC /* Preview Assets.xcassets in Resources */ = {isa = PBXBuildFile; fileRef = E1AB5EC82BB49F9600B69EEC /* Preview Assets.xcassets */; };
		E1AB5ED22BB4A7DC00B69EEC /* PhoneCodePickerView.swift in Sources */ = {isa = PBXBuildFile; fileRef = E1AB5ED12BB4A7DC00B69EEC /* PhoneCodePickerView.swift */; };
		E1AB5ED42BB4AB1100B69EEC /* CountryCode.swift in Sources */ = {isa = PBXBuildFile; fileRef = E1AB5ED32BB4AB1100B69EEC /* CountryCode.swift */; };
		E1AB5ED92BB4ACED00B69EEC /* CountryCodeDTO.swift in Sources */ = {isa = PBXBuildFile; fileRef = E1AB5ED82BB4ACED00B69EEC /* CountryCodeDTO.swift */; };
		E1AB5EDC2BB4AD3B00B69EEC /* CountryCodeService.swift in Sources */ = {isa = PBXBuildFile; fileRef = E1AB5EDB2BB4AD3B00B69EEC /* CountryCodeService.swift */; };
		E1AB5EDD2BB4B07300B69EEC /* country_codes.json in Resources */ = {isa = PBXBuildFile; fileRef = E1AB5ED52BB4ABDA00B69EEC /* country_codes.json */; };
		E1FF641A2BB8021D002EE2A6 /* PhoneNumberView.swift in Sources */ = {isa = PBXBuildFile; fileRef = E1FF64192BB8021D002EE2A6 /* PhoneNumberView.swift */; };
/* End PBXBuildFile section */

/* Begin PBXFileReference section */
		E1AB5EBE2BB49F9500B69EEC /* PhoneNumber.app */ = {isa = PBXFileReference; explicitFileType = wrapper.application; includeInIndex = 0; path = PhoneNumber.app; sourceTree = BUILT_PRODUCTS_DIR; };
		E1AB5EC12BB49F9500B69EEC /* PhoneNumberApp.swift */ = {isa = PBXFileReference; lastKnownFileType = sourcecode.swift; path = PhoneNumberApp.swift; sourceTree = "<group>"; };
		E1AB5EC32BB49F9500B69EEC /* ContentView.swift */ = {isa = PBXFileReference; lastKnownFileType = sourcecode.swift; path = ContentView.swift; sourceTree = "<group>"; };
		E1AB5EC52BB49F9600B69EEC /* Assets.xcassets */ = {isa = PBXFileReference; lastKnownFileType = folder.assetcatalog; path = Assets.xcassets; sourceTree = "<group>"; };
		E1AB5EC82BB49F9600B69EEC /* Preview Assets.xcassets */ = {isa = PBXFileReference; lastKnownFileType = folder.assetcatalog; path = "Preview Assets.xcassets"; sourceTree = "<group>"; };
		E1AB5ED12BB4A7DC00B69EEC /* PhoneCodePickerView.swift */ = {isa = PBXFileReference; lastKnownFileType = sourcecode.swift; path = PhoneCodePickerView.swift; sourceTree = "<group>"; };
		E1AB5ED32BB4AB1100B69EEC /* CountryCode.swift */ = {isa = PBXFileReference; lastKnownFileType = sourcecode.swift; path = CountryCode.swift; sourceTree = "<group>"; };
		E1AB5ED52BB4ABDA00B69EEC /* country_codes.json */ = {isa = PBXFileReference; lastKnownFileType = text.json; path = country_codes.json; sourceTree = "<group>"; };
		E1AB5ED82BB4ACED00B69EEC /* CountryCodeDTO.swift */ = {isa = PBXFileReference; lastKnownFileType = sourcecode.swift; path = CountryCodeDTO.swift; sourceTree = "<group>"; };
		E1AB5EDB2BB4AD3B00B69EEC /* CountryCodeService.swift */ = {isa = PBXFileReference; lastKnownFileType = sourcecode.swift; path = CountryCodeService.swift; sourceTree = "<group>"; };
		E1FF64192BB8021D002EE2A6 /* PhoneNumberView.swift */ = {isa = PBXFileReference; lastKnownFileType = sourcecode.swift; path = PhoneNumberView.swift; sourceTree = "<group>"; };
/* End PBXFileReference section */

/* Begin PBXFrameworksBuildPhase section */
		E1AB5EBB2BB49F9500B69EEC /* Frameworks */ = {
			isa = PBXFrameworksBuildPhase;
			buildActionMask = 2147483647;
			files = (
			);
			runOnlyForDeploymentPostprocessing = 0;
		};
/* End PBXFrameworksBuildPhase section */

/* Begin PBXGroup section */
		E1AB5EB52BB49F9500B69EEC = {
			isa = PBXGroup;
			children = (
				E1AB5EC02BB49F9500B69EEC /* PhoneNumber */,
				E1AB5EBF2BB49F9500B69EEC /* Products */,
			);
			sourceTree = "<group>";
		};
		E1AB5EBF2BB49F9500B69EEC /* Products */ = {
			isa = PBXGroup;
			children = (
				E1AB5EBE2BB49F9500B69EEC /* PhoneNumber.app */,
			);
			name = Products;
			sourceTree = "<group>";
		};
		E1AB5EC02BB49F9500B69EEC /* PhoneNumber */ = {
			isa = PBXGroup;
			children = (
				E1AB5ED02BB49FB600B69EEC /* Sources */,
				E1AB5ECF2BB49FAA00B69EEC /* Resources */,
				E1AB5EC72BB49F9600B69EEC /* Preview Content */,
			);
			path = PhoneNumber;
			sourceTree = "<group>";
		};
		E1AB5EC72BB49F9600B69EEC /* Preview Content */ = {
			isa = PBXGroup;
			children = (
				E1AB5EC82BB49F9600B69EEC /* Preview Assets.xcassets */,
			);
			path = "Preview Content";
			sourceTree = "<group>";
		};
		E1AB5ECF2BB49FAA00B69EEC /* Resources */ = {
			isa = PBXGroup;
			children = (
				E1AB5EC52BB49F9600B69EEC /* Assets.xcassets */,
				E1AB5ED52BB4ABDA00B69EEC /* country_codes.json */,
			);
			path = Resources;
			sourceTree = "<group>";
		};
		E1AB5ED02BB49FB600B69EEC /* Sources */ = {
			isa = PBXGroup;
			children = (
				E1AB5EDA2BB4AD2E00B69EEC /* Services */,
				E1AB5ED72BB4AC9A00B69EEC /* View */,
				E1AB5ED62BB4AC8C00B69EEC /* Model */,
				E1AB5EC12BB49F9500B69EEC /* PhoneNumberApp.swift */,
			);
			path = Sources;
			sourceTree = "<group>";
		};
		E1AB5ED62BB4AC8C00B69EEC /* Model */ = {
			isa = PBXGroup;
			children = (
				E1AB5ED32BB4AB1100B69EEC /* CountryCode.swift */,
				E1AB5ED82BB4ACED00B69EEC /* CountryCodeDTO.swift */,
			);
			path = Model;
			sourceTree = "<group>";
		};
		E1AB5ED72BB4AC9A00B69EEC /* View */ = {
			isa = PBXGroup;
			children = (
				E1AB5EC32BB49F9500B69EEC /* ContentView.swift */,
				E1AB5ED12BB4A7DC00B69EEC /* PhoneCodePickerView.swift */,
				E1FF64192BB8021D002EE2A6 /* PhoneNumberView.swift */,
			);
			path = View;
			sourceTree = "<group>";
		};
		E1AB5EDA2BB4AD2E00B69EEC /* Services */ = {
			isa = PBXGroup;
			children = (
				E1AB5EDB2BB4AD3B00B69EEC /* CountryCodeService.swift */,
			);
			path = Services;
			sourceTree = "<group>";
		};
/* End PBXGroup section */

/* Begin PBXNativeTarget section */
		E1AB5EBD2BB49F9500B69EEC /* PhoneNumber */ = {
			isa = PBXNativeTarget;
			buildConfigurationList = E1AB5ECC2BB49F9600B69EEC /* Build configuration list for PBXNativeTarget "PhoneNumber" */;
			buildPhases = (
				E1AB5EBA2BB49F9500B69EEC /* Sources */,
				E1AB5EBB2BB49F9500B69EEC /* Frameworks */,
				E1AB5EBC2BB49F9500B69EEC /* Resources */,
			);
			buildRules = (
			);
			dependencies = (
			);
			name = PhoneNumber;
			productName = PhoneNumber;
			productReference = E1AB5EBE2BB49F9500B69EEC /* PhoneNumber.app */;
			productType = "com.apple.product-type.application";
		};
/* End PBXNativeTarget section */

/* Begin PBXProject section */
		E1AB5EB62BB49F9500B69EEC /* Project object */ = {
			isa = PBXProject;
			attributes = {
				BuildIndependentTargetsInParallel = 1;
				LastSwiftUpdateCheck = 1530;
				LastUpgradeCheck = 1530;
				TargetAttributes = {
					E1AB5EBD2BB49F9500B69EEC = {
						CreatedOnToolsVersion = 15.3;
					};
				};
			};
			buildConfigurationList = E1AB5EB92BB49F9500B69EEC /* Build configuration list for PBXProject "PhoneNumber" */;
			compatibilityVersion = "Xcode 14.0";
			developmentRegion = en;
			hasScannedForEncodings = 0;
			knownRegions = (
				en,
				Base,
			);
			mainGroup = E1AB5EB52BB49F9500B69EEC;
			productRefGroup = E1AB5EBF2BB49F9500B69EEC /* Products */;
			projectDirPath = "";
			projectRoot = "";
			targets = (
				E1AB5EBD2BB49F9500B69EEC /* PhoneNumber */,
			);
		};
/* End PBXProject section */

/* Begin PBXResourcesBuildPhase section */
		E1AB5EBC2BB49F9500B69EEC /* Resources */ = {
			isa = PBXResourcesBuildPhase;
			buildActionMask = 2147483647;
			files = (
				E1AB5EC92BB49F9600B69EEC /* Preview Assets.xcassets in Resources */,
				E1AB5EC62BB49F9600B69EEC /* Assets.xcassets in Resources */,
				E1AB5EDD2BB4B07300B69EEC /* country_codes.json in Resources */,
			);
			runOnlyForDeploymentPostprocessing = 0;
		};
/* End PBXResourcesBuildPhase section */

/* Begin PBXSourcesBuildPhase section */
		E1AB5EBA2BB49F9500B69EEC /* Sources */ = {
			isa = PBXSourcesBuildPhase;
			buildActionMask = 2147483647;
			files = (
				E1AB5EC42BB49F9500B69EEC /* ContentView.swift in Sources */,
				E1AB5ED92BB4ACED00B69EEC /* CountryCodeDTO.swift in Sources */,
				E1AB5EC22BB49F9500B69EEC /* PhoneNumberApp.swift in Sources */,
				E1FF641A2BB8021D002EE2A6 /* PhoneNumberView.swift in Sources */,
				E1AB5EDC2BB4AD3B00B69EEC /* CountryCodeService.swift in Sources */,
				E1AB5ED22BB4A7DC00B69EEC /* PhoneCodePickerView.swift in Sources */,
				E1AB5ED42BB4AB1100B69EEC /* CountryCode.swift in Sources */,
			);
			runOnlyForDeploymentPostprocessing = 0;
		};
/* End PBXSourcesBuildPhase section */

/* Begin XCBuildConfiguration section */
		E1AB5ECA2BB49F9600B69EEC /* Debug */ = {
			isa = XCBuildConfiguration;
			buildSettings = {
				ALWAYS_SEARCH_USER_PATHS = NO;
				ASSETCATALOG_COMPILER_GENERATE_SWIFT_ASSET_SYMBOL_EXTENSIONS = YES;
				CLANG_ANALYZER_NONNULL = YES;
				CLANG_ANALYZER_NUMBER_OBJECT_CONVERSION = YES_AGGRESSIVE;
				CLANG_CXX_LANGUAGE_STANDARD = "gnu++20";
				CLANG_ENABLE_MODULES = YES;
				CLANG_ENABLE_OBJC_ARC = YES;
				CLANG_ENABLE_OBJC_WEAK = YES;
				CLANG_WARN_BLOCK_CAPTURE_AUTORELEASING = YES;
				CLANG_WARN_BOOL_CONVERSION = YES;
				CLANG_WARN_COMMA = YES;
				CLANG_WARN_CONSTANT_CONVERSION = YES;
				CLANG_WARN_DEPRECATED_OBJC_IMPLEMENTATIONS = YES;
				CLANG_WARN_DIRECT_OBJC_ISA_USAGE = YES_ERROR;
				CLANG_WARN_DOCUMENTATION_COMMENTS = YES;
				CLANG_WARN_EMPTY_BODY = YES;
				CLANG_WARN_ENUM_CONVERSION = YES;
				CLANG_WARN_INFINITE_RECURSION = YES;
				CLANG_WARN_INT_CONVERSION = YES;
				CLANG_WARN_NON_LITERAL_NULL_CONVERSION = YES;
				CLANG_WARN_OBJC_IMPLICIT_RETAIN_SELF = YES;
				CLANG_WARN_OBJC_LITERAL_CONVERSION = YES;
				CLANG_WARN_OBJC_ROOT_CLASS = YES_ERROR;
				CLANG_WARN_QUOTED_INCLUDE_IN_FRAMEWORK_HEADER = YES;
				CLANG_WARN_RANGE_LOOP_ANALYSIS = YES;
				CLANG_WARN_STRICT_PROTOTYPES = YES;
				CLANG_WARN_SUSPICIOUS_MOVE = YES;
				CLANG_WARN_UNGUARDED_AVAILABILITY = YES_AGGRESSIVE;
				CLANG_WARN_UNREACHABLE_CODE = YES;
				CLANG_WARN__DUPLICATE_METHOD_MATCH = YES;
				COPY_PHASE_STRIP = NO;
				DEBUG_INFORMATION_FORMAT = dwarf;
				ENABLE_STRICT_OBJC_MSGSEND = YES;
				ENABLE_TESTABILITY = YES;
				ENABLE_USER_SCRIPT_SANDBOXING = YES;
				GCC_C_LANGUAGE_STANDARD = gnu17;
				GCC_DYNAMIC_NO_PIC = NO;
				GCC_NO_COMMON_BLOCKS = YES;
				GCC_OPTIMIZATION_LEVEL = 0;
				GCC_PREPROCESSOR_DEFINITIONS = (
					"DEBUG=1",
					"$(inherited)",
				);
				GCC_WARN_64_TO_32_BIT_CONVERSION = YES;
				GCC_WARN_ABOUT_RETURN_TYPE = YES_ERROR;
				GCC_WARN_UNDECLARED_SELECTOR = YES;
				GCC_WARN_UNINITIALIZED_AUTOS = YES_AGGRESSIVE;
				GCC_WARN_UNUSED_FUNCTION = YES;
				GCC_WARN_UNUSED_VARIABLE = YES;
				IPHONEOS_DEPLOYMENT_TARGET = 17.4;
				LOCALIZATION_PREFERS_STRING_CATALOGS = YES;
				MTL_ENABLE_DEBUG_INFO = INCLUDE_SOURCE;
				MTL_FAST_MATH = YES;
				ONLY_ACTIVE_ARCH = YES;
				SDKROOT = iphoneos;
				SWIFT_ACTIVE_COMPILATION_CONDITIONS = "DEBUG $(inherited)";
				SWIFT_OPTIMIZATION_LEVEL = "-Onone";
			};
			name = Debug;
		};
		E1AB5ECB2BB49F9600B69EEC /* Release */ = {
			isa = XCBuildConfiguration;
			buildSettings = {
				ALWAYS_SEARCH_USER_PATHS = NO;
				ASSETCATALOG_COMPILER_GENERATE_SWIFT_ASSET_SYMBOL_EXTENSIONS = YES;
				CLANG_ANALYZER_NONNULL = YES;
				CLANG_ANALYZER_NUMBER_OBJECT_CONVERSION = YES_AGGRESSIVE;
				CLANG_CXX_LANGUAGE_STANDARD = "gnu++20";
				CLANG_ENABLE_MODULES = YES;
				CLANG_ENABLE_OBJC_ARC = YES;
				CLANG_ENABLE_OBJC_WEAK = YES;
				CLANG_WARN_BLOCK_CAPTURE_AUTORELEASING = YES;
				CLANG_WARN_BOOL_CONVERSION = YES;
				CLANG_WARN_COMMA = YES;
				CLANG_WARN_CONSTANT_CONVERSION = YES;
				CLANG_WARN_DEPRECATED_OBJC_IMPLEMENTATIONS = YES;
				CLANG_WARN_DIRECT_OBJC_ISA_USAGE = YES_ERROR;
				CLANG_WARN_DOCUMENTATION_COMMENTS = YES;
				CLANG_WARN_EMPTY_BODY = YES;
				CLANG_WARN_ENUM_CONVERSION = YES;
				CLANG_WARN_INFINITE_RECURSION = YES;
				CLANG_WARN_INT_CONVERSION = YES;
				CLANG_WARN_NON_LITERAL_NULL_CONVERSION = YES;
				CLANG_WARN_OBJC_IMPLICIT_RETAIN_SELF = YES;
				CLANG_WARN_OBJC_LITERAL_CONVERSION = YES;
				CLANG_WARN_OBJC_ROOT_CLASS = YES_ERROR;
				CLANG_WARN_QUOTED_INCLUDE_IN_FRAMEWORK_HEADER = YES;
				CLANG_WARN_RANGE_LOOP_ANALYSIS = YES;
				CLANG_WARN_STRICT_PROTOTYPES = YES;
				CLANG_WARN_SUSPICIOUS_MOVE = YES;
				CLANG_WARN_UNGUARDED_AVAILABILITY = YES_AGGRESSIVE;
				CLANG_WARN_UNREACHABLE_CODE = YES;
				CLANG_WARN__DUPLICATE_METHOD_MATCH = YES;
				COPY_PHASE_STRIP = NO;
				DEBUG_INFORMATION_FORMAT = "dwarf-with-dsym";
				ENABLE_NS_ASSERTIONS = NO;
				ENABLE_STRICT_OBJC_MSGSEND = YES;
				ENABLE_USER_SCRIPT_SANDBOXING = YES;
				GCC_C_LANGUAGE_STANDARD = gnu17;
				GCC_NO_COMMON_BLOCKS = YES;
				GCC_WARN_64_TO_32_BIT_CONVERSION = YES;
				GCC_WARN_ABOUT_RETURN_TYPE = YES_ERROR;
				GCC_WARN_UNDECLARED_SELECTOR = YES;
				GCC_WARN_UNINITIALIZED_AUTOS = YES_AGGRESSIVE;
				GCC_WARN_UNUSED_FUNCTION = YES;
				GCC_WARN_UNUSED_VARIABLE = YES;
				IPHONEOS_DEPLOYMENT_TARGET = 17.4;
				LOCALIZATION_PREFERS_STRING_CATALOGS = YES;
				MTL_ENABLE_DEBUG_INFO = NO;
				MTL_FAST_MATH = YES;
				SDKROOT = iphoneos;
				SWIFT_COMPILATION_MODE = wholemodule;
				VALIDATE_PRODUCT = YES;
			};
			name = Release;
		};
		E1AB5ECD2BB49F9600B69EEC /* Debug */ = {
			isa = XCBuildConfiguration;
			buildSettings = {
				ASSETCATALOG_COMPILER_APPICON_NAME = AppIcon;
				ASSETCATALOG_COMPILER_GLOBAL_ACCENT_COLOR_NAME = AccentColor;
				CODE_SIGN_STYLE = Automatic;
				CURRENT_PROJECT_VERSION = 1;
				DEVELOPMENT_ASSET_PATHS = "\"PhoneNumber/Preview Content\"";
				DEVELOPMENT_TEAM = GW48U2HV27;
				ENABLE_PREVIEWS = YES;
				GENERATE_INFOPLIST_FILE = YES;
				INFOPLIST_KEY_UIApplicationSceneManifest_Generation = YES;
				INFOPLIST_KEY_UIApplicationSupportsIndirectInputEvents = YES;
				INFOPLIST_KEY_UILaunchScreen_Generation = YES;
				INFOPLIST_KEY_UISupportedInterfaceOrientations_iPad = "UIInterfaceOrientationPortrait UIInterfaceOrientationPortraitUpsideDown UIInterfaceOrientationLandscapeLeft UIInterfaceOrientationLandscapeRight";
				INFOPLIST_KEY_UISupportedInterfaceOrientations_iPhone = "UIInterfaceOrientationPortrait UIInterfaceOrientationLandscapeLeft UIInterfaceOrientationLandscapeRight";
				LD_RUNPATH_SEARCH_PATHS = (
					"$(inherited)",
					"@executable_path/Frameworks",
				);
				MARKETING_VERSION = 1.0;
				PRODUCT_BUNDLE_IDENTIFIER = temrov.PhoneNumber;
				PRODUCT_NAME = "$(TARGET_NAME)";
				SWIFT_EMIT_LOC_STRINGS = YES;
				SWIFT_VERSION = 5.0;
				TARGETED_DEVICE_FAMILY = "1,2";
			};
			name = Debug;
		};
		E1AB5ECE2BB49F9600B69EEC /* Release */ = {
			isa = XCBuildConfiguration;
			buildSettings = {
				ASSETCATALOG_COMPILER_APPICON_NAME = AppIcon;
				ASSETCATALOG_COMPILER_GLOBAL_ACCENT_COLOR_NAME = AccentColor;
				CODE_SIGN_STYLE = Automatic;
				CURRENT_PROJECT_VERSION = 1;
				DEVELOPMENT_ASSET_PATHS = "\"PhoneNumber/Preview Content\"";
				DEVELOPMENT_TEAM = GW48U2HV27;
				ENABLE_PREVIEWS = YES;
				GENERATE_INFOPLIST_FILE = YES;
				INFOPLIST_KEY_UIApplicationSceneManifest_Generation = YES;
				INFOPLIST_KEY_UIApplicationSupportsIndirectInputEvents = YES;
				INFOPLIST_KEY_UILaunchScreen_Generation = YES;
				INFOPLIST_KEY_UISupportedInterfaceOrientations_iPad = "UIInterfaceOrientationPortrait UIInterfaceOrientationPortraitUpsideDown UIInterfaceOrientationLandscapeLeft UIInterfaceOrientationLandscapeRight";
				INFOPLIST_KEY_UISupportedInterfaceOrientations_iPhone = "UIInterfaceOrientationPortrait UIInterfaceOrientationLandscapeLeft UIInterfaceOrientationLandscapeRight";
				LD_RUNPATH_SEARCH_PATHS = (
					"$(inherited)",
					"@executable_path/Frameworks",
				);
				MARKETING_VERSION = 1.0;
				PRODUCT_BUNDLE_IDENTIFIER = temrov.PhoneNumber;
				PRODUCT_NAME = "$(TARGET_NAME)";
				SWIFT_EMIT_LOC_STRINGS = YES;
				SWIFT_VERSION = 5.0;
				TARGETED_DEVICE_FAMILY = "1,2";
			};
			name = Release;
		};
/* End XCBuildConfiguration section */

/* Begin XCConfigurationList section */
		E1AB5EB92BB49F9500B69EEC /* Build configuration list for PBXProject "PhoneNumber" */ = {
			isa = XCConfigurationList;
			buildConfigurations = (
				E1AB5ECA2BB49F9600B69EEC /* Debug */,
				E1AB5ECB2BB49F9600B69EEC /* Release */,
			);
			defaultConfigurationIsVisible = 0;
			defaultConfigurationName = Release;
		};
		E1AB5ECC2BB49F9600B69EEC /* Build configuration list for PBXNativeTarget "PhoneNumber" */ = {
			isa = XCConfigurationList;
			buildConfigurations = (
				E1AB5ECD2BB49F9600B69EEC /* Debug */,
				E1AB5ECE2BB49F9600B69EEC /* Release */,
			);
			defaultConfigurationIsVisible = 0;
			defaultConfigurationName = Release;
		};
/* End XCConfigurationList section */
	};
	rootObject = E1AB5EB62BB49F9500B69EEC /* Project object */;
}
